
Microsoft Visual Studio Solution File, Format Version 12.00
Project("{FAE04EC0-301F-11D3-BF4B-00C04F79EFBC}") = "BrowserTask", "BrowserTask\BrowserTask.csproj", "{289D0613-DF69-4456-99AB-CEA2CA3E814B}"
EndProject
Global
	GlobalSection(SolutionConfigurationPlatforms) = preSolution
		Debug|Any CPU = Debug|Any CPU
		Release|Any CPU = Release|Any CPU
	EndGlobalSection
	GlobalSection(ProjectConfigurationPlatforms) = postSolution
		{289D0613-DF69-4456-99AB-CEA2CA3E814B}.Debug|Any CPU.ActiveCfg = Debug|Any CPU
		{289D0613-DF69-4456-99AB-CEA2CA3E814B}.Debug|Any CPU.Build.0 = Debug|Any CPU
		{289D0613-DF69-4456-99AB-CEA2CA3E814B}.Release|Any CPU.ActiveCfg = Release|Any CPU
		{289D0613-DF69-4456-99AB-CEA2CA3E814B}.Release|Any CPU.Build.0 = Release|Any CPU
	EndGlobalSection
EndGlobal
